// !$*UTF8*$!
{
	archiveVersion = 1;
	classes = {
	};
	objectVersion = 46;
	objects = {

/* Begin PBXBuildFile section */
		3FAF373F1C0F222C00C98DE5 /* AppDelegate.swift in Sources */ = {isa = PBXBuildFile; fileRef = 3FAF373E1C0F222C00C98DE5 /* AppDelegate.swift */; };
		3FAF37411C0F222C00C98DE5 /* ViewController.swift in Sources */ = {isa = PBXBuildFile; fileRef = 3FAF37401C0F222C00C98DE5 /* ViewController.swift */; };
		3FAF37441C0F222C00C98DE5 /* Main.storyboard in Resources */ = {isa = PBXBuildFile; fileRef = 3FAF37421C0F222C00C98DE5 /* Main.storyboard */; };
		3FAF37461C0F222C00C98DE5 /* Assets.xcassets in Resources */ = {isa = PBXBuildFile; fileRef = 3FAF37451C0F222C00C98DE5 /* Assets.xcassets */; };
		3FAF37491C0F222C00C98DE5 /* LaunchScreen.storyboard in Resources */ = {isa = PBXBuildFile; fileRef = 3FAF37471C0F222C00C98DE5 /* LaunchScreen.storyboard */; };
		3FAF37541C0F222C00C98DE5 /* FinalAppProjectBoyoTests.swift in Sources */ = {isa = PBXBuildFile; fileRef = 3FAF37531C0F222C00C98DE5 /* FinalAppProjectBoyoTests.swift */; };
		3FAF375F1C0F222C00C98DE5 /* FinalAppProjectBoyoUITests.swift in Sources */ = {isa = PBXBuildFile; fileRef = 3FAF375E1C0F222C00C98DE5 /* FinalAppProjectBoyoUITests.swift */; };
/* End PBXBuildFile section */

/* Begin PBXContainerItemProxy section */
		3FAF37501C0F222C00C98DE5 /* PBXContainerItemProxy */ = {
			isa = PBXContainerItemProxy;
			containerPortal = 3FAF37331C0F222C00C98DE5 /* Project object */;
			proxyType = 1;
			remoteGlobalIDString = 3FAF373A1C0F222C00C98DE5;
			remoteInfo = FinalAppProjectBoyo;
		};
		3FAF375B1C0F222C00C98DE5 /* PBXContainerItemProxy */ = {
			isa = PBXContainerItemProxy;
			containerPortal = 3FAF37331C0F222C00C98DE5 /* Project object */;
			proxyType = 1;
			remoteGlobalIDString = 3FAF373A1C0F222C00C98DE5;
			remoteInfo = FinalAppProjectBoyo;
		};
/* End PBXContainerItemProxy section */

/* Begin PBXFileReference section */
		3FAF373B1C0F222C00C98DE5 /* FinalAppProjectBoyo.app */ = {isa = PBXFileReference; explicitFileType = wrapper.application; includeInIndex = 0; path = FinalAppProjectBoyo.app; sourceTree = BUILT_PRODUCTS_DIR; };
		3FAF373E1C0F222C00C98DE5 /* AppDelegate.swift */ = {isa = PBXFileReference; lastKnownFileType = sourcecode.swift; path = AppDelegate.swift; sourceTree = "<group>"; };
		3FAF37401C0F222C00C98DE5 /* ViewController.swift */ = {isa = PBXFileReference; lastKnownFileType = sourcecode.swift; path = ViewController.swift; sourceTree = "<group>"; };
		3FAF37431C0F222C00C98DE5 /* Base */ = {isa = PBXFileReference; lastKnownFileType = file.storyboard; name = Base; path = Base.lproj/Main.storyboard; sourceTree = "<group>"; };
		3FAF37451C0F222C00C98DE5 /* Assets.xcassets */ = {isa = PBXFileReference; lastKnownFileType = folder.assetcatalog; path = Assets.xcassets; sourceTree = "<group>"; };
		3FAF37481C0F222C00C98DE5 /* Base */ = {isa = PBXFileReference; lastKnownFileType = file.storyboard; name = Base; path = Base.lproj/LaunchScreen.storyboard; sourceTree = "<group>"; };
		3FAF374A1C0F222C00C98DE5 /* Info.plist */ = {isa = PBXFileReference; lastKnownFileType = text.plist.xml; path = Info.plist; sourceTree = "<group>"; };
		3FAF374F1C0F222C00C98DE5 /* FinalAppProjectBoyoTests.xctest */ = {isa = PBXFileReference; explicitFileType = wrapper.cfbundle; includeInIndex = 0; path = FinalAppProjectBoyoTests.xctest; sourceTree = BUILT_PRODUCTS_DIR; };
		3FAF37531C0F222C00C98DE5 /* FinalAppProjectBoyoTests.swift */ = {isa = PBXFileReference; lastKnownFileType = sourcecode.swift; path = FinalAppProjectBoyoTests.swift; sourceTree = "<group>"; };
		3FAF37551C0F222C00C98DE5 /* Info.plist */ = {isa = PBXFileReference; lastKnownFileType = text.plist.xml; path = Info.plist; sourceTree = "<group>"; };
		3FAF375A1C0F222C00C98DE5 /* FinalAppProjectBoyoUITests.xctest */ = {isa = PBXFileReference; explicitFileType = wrapper.cfbundle; includeInIndex = 0; path = FinalAppProjectBoyoUITests.xctest; sourceTree = BUILT_PRODUCTS_DIR; };
		3FAF375E1C0F222C00C98DE5 /* FinalAppProjectBoyoUITests.swift */ = {isa = PBXFileReference; lastKnownFileType = sourcecode.swift; path = FinalAppProjectBoyoUITests.swift; sourceTree = "<group>"; };
		3FAF37601C0F222C00C98DE5 /* Info.plist */ = {isa = PBXFileReference; lastKnownFileType = text.plist.xml; path = Info.plist; sourceTree = "<group>"; };
/* End PBXFileReference section */

/* Begin PBXFrameworksBuildPhase section */
		3FAF37381C0F222C00C98DE5 /* Frameworks */ = {
			isa = PBXFrameworksBuildPhase;
			buildActionMask = 2147483647;
			files = (
			);
			runOnlyForDeploymentPostprocessing = 0;
		};
		3FAF374C1C0F222C00C98DE5 /* Frameworks */ = {
			isa = PBXFrameworksBuildPhase;
			buildActionMask = 2147483647;
			files = (
			);
			runOnlyForDeploymentPostprocessing = 0;
		};
		3FAF37571C0F222C00C98DE5 /* Frameworks */ = {
			isa = PBXFrameworksBuildPhase;
			buildActionMask = 2147483647;
			files = (
			);
			runOnlyForDeploymentPostprocessing = 0;
		};
/* End PBXFrameworksBuildPhase section */

/* Begin PBXGroup section */
		3FAF37321C0F222C00C98DE5 = {
			isa = PBXGroup;
			children = (
				3FAF373D1C0F222C00C98DE5 /* FinalAppProjectBoyo */,
				3FAF37521C0F222C00C98DE5 /* FinalAppProjectBoyoTests */,
				3FAF375D1C0F222C00C98DE5 /* FinalAppProjectBoyoUITests */,
				3FAF373C1C0F222C00C98DE5 /* Products */,
			);
			sourceTree = "<group>";
		};
		3FAF373C1C0F222C00C98DE5 /* Products */ = {
			isa = PBXGroup;
			children = (
				3FAF373B1C0F222C00C98DE5 /* FinalAppProjectBoyo.app */,
				3FAF374F1C0F222C00C98DE5 /* FinalAppProjectBoyoTests.xctest */,
				3FAF375A1C0F222C00C98DE5 /* FinalAppProjectBoyoUITests.xctest */,
			);
			name = Products;
			sourceTree = "<group>";
		};
		3FAF373D1C0F222C00C98DE5 /* FinalAppProjectBoyo */ = {
			isa = PBXGroup;
			children = (
				3FAF373E1C0F222C00C98DE5 /* AppDelegate.swift */,
				3FAF37401C0F222C00C98DE5 /* ViewController.swift */,
				3FAF37421C0F222C00C98DE5 /* Main.storyboard */,
				3FAF37451C0F222C00C98DE5 /* Assets.xcassets */,
				3FAF37471C0F222C00C98DE5 /* LaunchScreen.storyboard */,
				3FAF374A1C0F222C00C98DE5 /* Info.plist */,
			);
			path = FinalAppProjectBoyo;
			sourceTree = "<group>";
		};
		3FAF37521C0F222C00C98DE5 /* FinalAppProjectBoyoTests */ = {
			isa = PBXGroup;
			children = (
				3FAF37531C0F222C00C98DE5 /* FinalAppProjectBoyoTests.swift */,
				3FAF37551C0F222C00C98DE5 /* Info.plist */,
			);
			path = FinalAppProjectBoyoTests;
			sourceTree = "<group>";
		};
		3FAF375D1C0F222C00C98DE5 /* FinalAppProjectBoyoUITests */ = {
			isa = PBXGroup;
			children = (
				3FAF375E1C0F222C00C98DE5 /* FinalAppProjectBoyoUITests.swift */,
				3FAF37601C0F222C00C98DE5 /* Info.plist */,
			);
			path = FinalAppProjectBoyoUITests;
			sourceTree = "<group>";
		};
/* End PBXGroup section */

/* Begin PBXNativeTarget section */
		3FAF373A1C0F222C00C98DE5 /* FinalAppProjectBoyo */ = {
			isa = PBXNativeTarget;
			buildConfigurationList = 3FAF37631C0F222C00C98DE5 /* Build configuration list for PBXNativeTarget "FinalAppProjectBoyo" */;
			buildPhases = (
				3FAF37371C0F222C00C98DE5 /* Sources */,
				3FAF37381C0F222C00C98DE5 /* Frameworks */,
				3FAF37391C0F222C00C98DE5 /* Resources */,
			);
			buildRules = (
			);
			dependencies = (
			);
			name = FinalAppProjectBoyo;
			productName = FinalAppProjectBoyo;
			productReference = 3FAF373B1C0F222C00C98DE5 /* FinalAppProjectBoyo.app */;
			productType = "com.apple.product-type.application";
		};
		3FAF374E1C0F222C00C98DE5 /* FinalAppProjectBoyoTests */ = {
			isa = PBXNativeTarget;
			buildConfigurationList = 3FAF37661C0F222C00C98DE5 /* Build configuration list for PBXNativeTarget "FinalAppProjectBoyoTests" */;
			buildPhases = (
				3FAF374B1C0F222C00C98DE5 /* Sources */,
				3FAF374C1C0F222C00C98DE5 /* Frameworks */,
				3FAF374D1C0F222C00C98DE5 /* Resources */,
			);
			buildRules = (
			);
			dependencies = (
				3FAF37511C0F222C00C98DE5 /* PBXTargetDependency */,
			);
			name = FinalAppProjectBoyoTests;
			productName = FinalAppProjectBoyoTests;
			productReference = 3FAF374F1C0F222C00C98DE5 /* FinalAppProjectBoyoTests.xctest */;
			productType = "com.apple.product-type.bundle.unit-test";
		};
		3FAF37591C0F222C00C98DE5 /* FinalAppProjectBoyoUITests */ = {
			isa = PBXNativeTarget;
			buildConfigurationList = 3FAF37691C0F222C00C98DE5 /* Build configuration list for PBXNativeTarget "FinalAppProjectBoyoUITests" */;
			buildPhases = (
				3FAF37561C0F222C00C98DE5 /* Sources */,
				3FAF37571C0F222C00C98DE5 /* Frameworks */,
				3FAF37581C0F222C00C98DE5 /* Resources */,
			);
			buildRules = (
			);
			dependencies = (
				3FAF375C1C0F222C00C98DE5 /* PBXTargetDependency */,
			);
			name = FinalAppProjectBoyoUITests;
			productName = FinalAppProjectBoyoUITests;
			productReference = 3FAF375A1C0F222C00C98DE5 /* FinalAppProjectBoyoUITests.xctest */;
			productType = "com.apple.product-type.bundle.ui-testing";
		};
/* End PBXNativeTarget section */

/* Begin PBXProject section */
		3FAF37331C0F222C00C98DE5 /* Project object */ = {
			isa = PBXProject;
			attributes = {
				LastSwiftUpdateCheck = 0710;
				LastUpgradeCheck = 0710;
				ORGANIZATIONNAME = "Dank Meme Incorperated";
				TargetAttributes = {
					3FAF373A1C0F222C00C98DE5 = {
						CreatedOnToolsVersion = 7.1.1;
						DevelopmentTeam = 87L6T26E9H;
					};
					3FAF374E1C0F222C00C98DE5 = {
						CreatedOnToolsVersion = 7.1.1;
						DevelopmentTeam = 87L6T26E9H;
						TestTargetID = 3FAF373A1C0F222C00C98DE5;
					};
					3FAF37591C0F222C00C98DE5 = {
						CreatedOnToolsVersion = 7.1.1;
						DevelopmentTeam = 87L6T26E9H;
						TestTargetID = 3FAF373A1C0F222C00C98DE5;
					};
				};
			};
			buildConfigurationList = 3FAF37361C0F222C00C98DE5 /* Build configuration list for PBXProject "FinalAppProjectBoyo" */;
			compatibilityVersion = "Xcode 3.2";
			developmentRegion = English;
			hasScannedForEncodings = 0;
			knownRegions = (
				en,
				Base,
			);
			mainGroup = 3FAF37321C0F222C00C98DE5;
			productRefGroup = 3FAF373C1C0F222C00C98DE5 /* Products */;
			projectDirPath = "";
			projectRoot = "";
			targets = (
				3FAF373A1C0F222C00C98DE5 /* FinalAppProjectBoyo */,
				3FAF374E1C0F222C00C98DE5 /* FinalAppProjectBoyoTests */,
				3FAF37591C0F222C00C98DE5 /* FinalAppProjectBoyoUITests */,
			);
		};
/* End PBXProject section */

/* Begin PBXResourcesBuildPhase section */
		3FAF37391C0F222C00C98DE5 /* Resources */ = {
			isa = PBXResourcesBuildPhase;
			buildActionMask = 2147483647;
			files = (
				3FAF37491C0F222C00C98DE5 /* LaunchScreen.storyboard in Resources */,
				3FAF37461C0F222C00C98DE5 /* Assets.xcassets in Resources */,
				3FAF37441C0F222C00C98DE5 /* Main.storyboard in Resources */,
			);
			runOnlyForDeploymentPostprocessing = 0;
		};
		3FAF374D1C0F222C00C98DE5 /* Resources */ = {
			isa = PBXResourcesBuildPhase;
			buildActionMask = 2147483647;
			files = (
			);
			runOnlyForDeploymentPostprocessing = 0;
		};
		3FAF37581C0F222C00C98DE5 /* Resources */ = {
			isa = PBXResourcesBuildPhase;
			buildActionMask = 2147483647;
			files = (
			);
			runOnlyForDeploymentPostprocessing = 0;
		};
/* End PBXResourcesBuildPhase section */

/* Begin PBXSourcesBuildPhase section */
		3FAF37371C0F222C00C98DE5 /* Sources */ = {
			isa = PBXSourcesBuildPhase;
			buildActionMask = 2147483647;
			files = (
				3FAF37411C0F222C00C98DE5 /* ViewController.swift in Sources */,
				3FAF373F1C0F222C00C98DE5 /* AppDelegate.swift in Sources */,
			);
			runOnlyForDeploymentPostprocessing = 0;
		};
		3FAF374B1C0F222C00C98DE5 /* Sources */ = {
			isa = PBXSourcesBuildPhase;
			buildActionMask = 2147483647;
			files = (
				3FAF37541C0F222C00C98DE5 /* FinalAppProjectBoyoTests.swift in Sources */,
			);
			runOnlyForDeploymentPostprocessing = 0;
		};
		3FAF37561C0F222C00C98DE5 /* Sources */ = {
			isa = PBXSourcesBuildPhase;
			buildActionMask = 2147483647;
			files = (
				3FAF375F1C0F222C00C98DE5 /* FinalAppProjectBoyoUITests.swift in Sources */,
			);
			runOnlyForDeploymentPostprocessing = 0;
		};
/* End PBXSourcesBuildPhase section */

/* Begin PBXTargetDependency section */
		3FAF37511C0F222C00C98DE5 /* PBXTargetDependency */ = {
			isa = PBXTargetDependency;
			target = 3FAF373A1C0F222C00C98DE5 /* FinalAppProjectBoyo */;
			targetProxy = 3FAF37501C0F222C00C98DE5 /* PBXContainerItemProxy */;
		};
		3FAF375C1C0F222C00C98DE5 /* PBXTargetDependency */ = {
			isa = PBXTargetDependency;
			target = 3FAF373A1C0F222C00C98DE5 /* FinalAppProjectBoyo */;
			targetProxy = 3FAF375B1C0F222C00C98DE5 /* PBXContainerItemProxy */;
		};
/* End PBXTargetDependency section */

/* Begin PBXVariantGroup section */
		3FAF37421C0F222C00C98DE5 /* Main.storyboard */ = {
			isa = PBXVariantGroup;
			children = (
				3FAF37431C0F222C00C98DE5 /* Base */,
			);
			name = Main.storyboard;
			sourceTree = "<group>";
		};
		3FAF37471C0F222C00C98DE5 /* LaunchScreen.storyboard */ = {
			isa = PBXVariantGroup;
			children = (
				3FAF37481C0F222C00C98DE5 /* Base */,
			);
			name = LaunchScreen.storyboard;
			sourceTree = "<group>";
		};
/* End PBXVariantGroup section */

/* Begin XCBuildConfiguration section */
		3FAF37611C0F222C00C98DE5 /* Debug */ = {
			isa = XCBuildConfiguration;
			buildSettings = {
				ALWAYS_SEARCH_USER_PATHS = NO;
				CLANG_CXX_LANGUAGE_STANDARD = "gnu++0x";
				CLANG_CXX_LIBRARY = "libc++";
				CLANG_ENABLE_MODULES = YES;
				CLANG_ENABLE_OBJC_ARC = YES;
				CLANG_WARN_BOOL_CONVERSION = YES;
				CLANG_WARN_CONSTANT_CONVERSION = YES;
				CLANG_WARN_DIRECT_OBJC_ISA_USAGE = YES_ERROR;
				CLANG_WARN_EMPTY_BODY = YES;
				CLANG_WARN_ENUM_CONVERSION = YES;
				CLANG_WARN_INT_CONVERSION = YES;
				CLANG_WARN_OBJC_ROOT_CLASS = YES_ERROR;
				CLANG_WARN_UNREACHABLE_CODE = YES;
				CLANG_WARN__DUPLICATE_METHOD_MATCH = YES;
				"CODE_SIGN_IDENTITY[sdk=iphoneos*]" = "iPhone Developer";
				COPY_PHASE_STRIP = NO;
				DEBUG_INFORMATION_FORMAT = dwarf;
				ENABLE_STRICT_OBJC_MSGSEND = YES;
				ENABLE_TESTABILITY = YES;
				GCC_C_LANGUAGE_STANDARD = gnu99;
				GCC_DYNAMIC_NO_PIC = NO;
				GCC_NO_COMMON_BLOCKS = YES;
				GCC_OPTIMIZATION_LEVEL = 0;
				GCC_PREPROCESSOR_DEFINITIONS = (
					"DEBUG=1",
					"$(inherited)",
				);
				GCC_WARN_64_TO_32_BIT_CONVERSION = YES;
				GCC_WARN_ABOUT_RETURN_TYPE = YES_ERROR;
				GCC_WARN_UNDECLARED_SELECTOR = YES;
				GCC_WARN_UNINITIALIZED_AUTOS = YES_AGGRESSIVE;
				GCC_WARN_UNUSED_FUNCTION = YES;
				GCC_WARN_UNUSED_VARIABLE = YES;
				IPHONEOS_DEPLOYMENT_TARGET = 9.1;
				MTL_ENABLE_DEBUG_INFO = YES;
				ONLY_ACTIVE_ARCH = YES;
				SDKROOT = iphoneos;
				SWIFT_OPTIMIZATION_LEVEL = "-Onone";
				TARGETED_DEVICE_FAMILY = "1,2";
			};
			name = Debug;
		};
		3FAF37621C0F222C00C98DE5 /* Release */ = {
			isa = XCBuildConfiguration;
			buildSettings = {
				ALWAYS_SEARCH_USER_PATHS = NO;
				CLANG_CXX_LANGUAGE_STANDARD = "gnu++0x";
				CLANG_CXX_LIBRARY = "libc++";
				CLANG_ENABLE_MODULES = YES;
				CLANG_ENABLE_OBJC_ARC = YES;
				CLANG_WARN_BOOL_CONVERSION = YES;
				CLANG_WARN_CONSTANT_CONVERSION = YES;
				CLANG_WARN_DIRECT_OBJC_ISA_USAGE = YES_ERROR;
				CLANG_WARN_EMPTY_BODY = YES;
				CLANG_WARN_ENUM_CONVERSION = YES;
				CLANG_WARN_INT_CONVERSION = YES;
				CLANG_WARN_OBJC_ROOT_CLASS = YES_ERROR;
				CLANG_WARN_UNREACHABLE_CODE = YES;
				CLANG_WARN__DUPLICATE_METHOD_MATCH = YES;
				"CODE_SIGN_IDENTITY[sdk=iphoneos*]" = "iPhone Developer";
				COPY_PHASE_STRIP = NO;
				DEBUG_INFORMATION_FORMAT = "dwarf-with-dsym";
				ENABLE_NS_ASSERTIONS = NO;
				ENABLE_STRICT_OBJC_MSGSEND = YES;
				GCC_C_LANGUAGE_STANDARD = gnu99;
				GCC_NO_COMMON_BLOCKS = YES;
				GCC_WARN_64_TO_32_BIT_CONVERSION = YES;
				GCC_WARN_ABOUT_RETURN_TYPE = YES_ERROR;
				GCC_WARN_UNDECLARED_SELECTOR = YES;
				GCC_WARN_UNINITIALIZED_AUTOS = YES_AGGRESSIVE;
				GCC_WARN_UNUSED_FUNCTION = YES;
				GCC_WARN_UNUSED_VARIABLE = YES;
				IPHONEOS_DEPLOYMENT_TARGET = 9.1;
				MTL_ENABLE_DEBUG_INFO = NO;
				SDKROOT = iphoneos;
				TARGETED_DEVICE_FAMILY = "1,2";
				VALIDATE_PRODUCT = YES;
			};
			name = Release;
		};
		3FAF37641C0F222C00C98DE5 /* Debug */ = {
			isa = XCBuildConfiguration;
			buildSettings = {
				ASSETCATALOG_COMPILER_APPICON_NAME = AppIcon;
				INFOPLIST_FILE = FinalAppProjectBoyo/Info.plist;
				LD_RUNPATH_SEARCH_PATHS = "$(inherited) @executable_path/Frameworks";
				PRODUCT_BUNDLE_IDENTIFIER = "A-Weapon-To-Surpass-Metal-Gear.FinalAppProjectBoyo";
				PRODUCT_NAME = "$(TARGET_NAME)";
			};
			name = Debug;
		};
		3FAF37651C0F222C00C98DE5 /* Release */ = {
			isa = XCBuildConfiguration;
			buildSettings = {
				ASSETCATALOG_COMPILER_APPICON_NAME = AppIcon;
				INFOPLIST_FILE = FinalAppProjectBoyo/Info.plist;
				LD_RUNPATH_SEARCH_PATHS = "$(inherited) @executable_path/Frameworks";
				PRODUCT_BUNDLE_IDENTIFIER = "A-Weapon-To-Surpass-Metal-Gear.FinalAppProjectBoyo";
				PRODUCT_NAME = "$(TARGET_NAME)";
			};
			name = Release;
		};
		3FAF37671C0F222C00C98DE5 /* Debug */ = {
			isa = XCBuildConfiguration;
			buildSettings = {
				BUNDLE_LOADER = "$(TEST_HOST)";
				INFOPLIST_FILE = FinalAppProjectBoyoTests/Info.plist;
				LD_RUNPATH_SEARCH_PATHS = "$(inherited) @executable_path/Frameworks @loader_path/Frameworks";
				PRODUCT_BUNDLE_IDENTIFIER = "A-Weapon-To-Surpass-Metal-Gear.FinalAppProjectBoyoTests";
				PRODUCT_NAME = "$(TARGET_NAME)";
				TEST_HOST = "$(BUILT_PRODUCTS_DIR)/FinalAppProjectBoyo.app/FinalAppProjectBoyo";
			};
			name = Debug;
		};
		3FAF37681C0F222C00C98DE5 /* Release */ = {
			isa = XCBuildConfiguration;
			buildSettings = {
				BUNDLE_LOADER = "$(TEST_HOST)";
				INFOPLIST_FILE = FinalAppProjectBoyoTests/Info.plist;
				LD_RUNPATH_SEARCH_PATHS = "$(inherited) @executable_path/Frameworks @loader_path/Frameworks";
				PRODUCT_BUNDLE_IDENTIFIER = "A-Weapon-To-Surpass-Metal-Gear.FinalAppProjectBoyoTests";
				PRODUCT_NAME = "$(TARGET_NAME)";
				TEST_HOST = "$(BUILT_PRODUCTS_DIR)/FinalAppProjectBoyo.app/FinalAppProjectBoyo";
			};
			name = Release;
		};
		3FAF376A1C0F222C00C98DE5 /* Debug */ = {
			isa = XCBuildConfiguration;
			buildSettings = {
				INFOPLIST_FILE = FinalAppProjectBoyoUITests/Info.plist;
				LD_RUNPATH_SEARCH_PATHS = "$(inherited) @executable_path/Frameworks @loader_path/Frameworks";
				PRODUCT_BUNDLE_IDENTIFIER = "A-Weapon-To-Surpass-Metal-Gear.FinalAppProjectBoyoUITests";
				PRODUCT_NAME = "$(TARGET_NAME)";
				TEST_TARGET_NAME = FinalAppProjectBoyo;
				USES_XCTRUNNER = YES;
			};
			name = Debug;
		};
		3FAF376B1C0F222C00C98DE5 /* Release */ = {
			isa = XCBuildConfiguration;
			buildSettings = {
				INFOPLIST_FILE = FinalAppProjectBoyoUITests/Info.plist;
				LD_RUNPATH_SEARCH_PATHS = "$(inherited) @executable_path/Frameworks @loader_path/Frameworks";
				PRODUCT_BUNDLE_IDENTIFIER = "A-Weapon-To-Surpass-Metal-Gear.FinalAppProjectBoyoUITests";
				PRODUCT_NAME = "$(TARGET_NAME)";
				TEST_TARGET_NAME = FinalAppProjectBoyo;
				USES_XCTRUNNER = YES;
			};
			name = Release;
		};
/* End XCBuildConfiguration section */

/* Begin XCConfigurationList section */
		3FAF37361C0F222C00C98DE5 /* Build configuration list for PBXProject "FinalAppProjectBoyo" */ = {
			isa = XCConfigurationList;
			buildConfigurations = (
				3FAF37611C0F222C00C98DE5 /* Debug */,
				3FAF37621C0F222C00C98DE5 /* Release */,
			);
			defaultConfigurationIsVisible = 0;
			defaultConfigurationName = Release;
		};
		3FAF37631C0F222C00C98DE5 /* Build configuration list for PBXNativeTarget "FinalAppProjectBoyo" */ = {
			isa = XCConfigurationList;
			buildConfigurations = (
				3FAF37641C0F222C00C98DE5 /* Debug */,
				3FAF37651C0F222C00C98DE5 /* Release */,
			);
			defaultConfigurationIsVisible = 0;
		};
		3FAF37661C0F222C00C98DE5 /* Build configuration list for PBXNativeTarget "FinalAppProjectBoyoTests" */ = {
			isa = XCConfigurationList;
			buildConfigurations = (
				3FAF37671C0F222C00C98DE5 /* Debug */,
				3FAF37681C0F222C00C98DE5 /* Release */,
			);
			defaultConfigurationIsVisible = 0;
		};
		3FAF37691C0F222C00C98DE5 /* Build configuration list for PBXNativeTarget "FinalAppProjectBoyoUITests" */ = {
			isa = XCConfigurationList;
			buildConfigurations = (
				3FAF376A1C0F222C00C98DE5 /* Debug */,
				3FAF376B1C0F222C00C98DE5 /* Release */,
			);
			defaultConfigurationIsVisible = 0;
		};
/* End XCConfigurationList section */
	};
	rootObject = 3FAF37331C0F222C00C98DE5 /* Project object */;
}
